// !$*UTF8*$!
{
	archiveVersion = 1;
	classes = {
	};
	objectVersion = 56;
	objects = {

/* Begin PBXBuildFile section */
		0A105F982A0CFE4900A11A20 /* GoogleService-Info.plist in Resources */ = {isa = PBXBuildFile; fileRef = 0A105F972A0CFE4900A11A20 /* GoogleService-Info.plist */; };
		0A1373312A0E6EEF003B2A79 /* UserManager.swift in Sources */ = {isa = PBXBuildFile; fileRef = 0A1373302A0E6EEF003B2A79 /* UserManager.swift */; };
		0A4E62D52A10D5FC00C1DB53 /* ProductsDatabase.swift in Sources */ = {isa = PBXBuildFile; fileRef = 0A4E62D42A10D5FC00C1DB53 /* ProductsDatabase.swift */; };
		0A4E62D82A10D74C00C1DB53 /* ProductsView.swift in Sources */ = {isa = PBXBuildFile; fileRef = 0A4E62D72A10D74C00C1DB53 /* ProductsView.swift */; };
		0A4E62DA2A10DA8B00C1DB53 /* ProductsManager.swift in Sources */ = {isa = PBXBuildFile; fileRef = 0A4E62D92A10DA8B00C1DB53 /* ProductsManager.swift */; };
		0A4E62DD2A10F8DA00C1DB53 /* ProductCellView.swift in Sources */ = {isa = PBXBuildFile; fileRef = 0A4E62DC2A10F8DA00C1DB53 /* ProductCellView.swift */; };
		0A721E5B2A146C57000B1029 /* FirebaseCrashlytics in Frameworks */ = {isa = PBXBuildFile; productRef = 0A721E5A2A146C57000B1029 /* FirebaseCrashlytics */; };
		0A721E5F2A147063000B1029 /* CrashView.swift in Sources */ = {isa = PBXBuildFile; fileRef = 0A721E5E2A147063000B1029 /* CrashView.swift */; };
		0A721E612A14B3A4000B1029 /* FirebasePerformance in Frameworks */ = {isa = PBXBuildFile; productRef = 0A721E602A14B3A4000B1029 /* FirebasePerformance */; };
		0A721E642A14B3EC000B1029 /* PerformanceView.swift in Sources */ = {isa = PBXBuildFile; fileRef = 0A721E632A14B3EC000B1029 /* PerformanceView.swift */; };
		0A721E672A14C0C8000B1029 /* AdSupport.framework in Frameworks */ = {isa = PBXBuildFile; fileRef = 0A721E662A14C0C8000B1029 /* AdSupport.framework */; };
		0A721E692A14C0E9000B1029 /* AnalyticsView.swift in Sources */ = {isa = PBXBuildFile; fileRef = 0A721E682A14C0E9000B1029 /* AnalyticsView.swift */; };
		0A7AB0B72A0E496A0033BB1F /* FirebaseFirestore in Frameworks */ = {isa = PBXBuildFile; productRef = 0A7AB0B62A0E496A0033BB1F /* FirebaseFirestore */; };
		0A7AB0B92A0E496A0033BB1F /* FirebaseFirestoreSwift in Frameworks */ = {isa = PBXBuildFile; productRef = 0A7AB0B82A0E496A0033BB1F /* FirebaseFirestoreSwift */; };
		0A7AB0BD2A0E4A9E0033BB1F /* SettingsViewModel.swift in Sources */ = {isa = PBXBuildFile; fileRef = 0A7AB0BC2A0E4A9E0033BB1F /* SettingsViewModel.swift */; };
		0A7AB0C02A0E4B140033BB1F /* AuthenticationViewModel.swift in Sources */ = {isa = PBXBuildFile; fileRef = 0A7AB0BF2A0E4B140033BB1F /* AuthenticationViewModel.swift */; };
		0A7AB0C32A0E4B7E0033BB1F /* SignInEmailViewModel.swift in Sources */ = {isa = PBXBuildFile; fileRef = 0A7AB0C22A0E4B7E0033BB1F /* SignInEmailViewModel.swift */; };
		0A7AB0C62A0E4BEC0033BB1F /* ProfileView.swift in Sources */ = {isa = PBXBuildFile; fileRef = 0A7AB0C52A0E4BEC0033BB1F /* ProfileView.swift */; };
		0A7F61792A0E046500D97C53 /* SignInAppleHelper.swift in Sources */ = {isa = PBXBuildFile; fileRef = 0A7F61782A0E046500D97C53 /* SignInAppleHelper.swift */; };
		0AA3C5912A0A806E00B5B0D7 /* SettingsView.swift in Sources */ = {isa = PBXBuildFile; fileRef = 0AA3C5902A0A806E00B5B0D7 /* SettingsView.swift */; };
		0AB856BC2A1361C100C70702 /* Query+EXT.swift in Sources */ = {isa = PBXBuildFile; fileRef = 0AB856BB2A1361C100C70702 /* Query+EXT.swift */; };
		0AB856BF2A13637900C70702 /* OnFirstAppearViewModifier.swift in Sources */ = {isa = PBXBuildFile; fileRef = 0AB856BE2A13637900C70702 /* OnFirstAppearViewModifier.swift */; };
		0AB856C12A1363DE00C70702 /* FavoriteViewModel.swift in Sources */ = {isa = PBXBuildFile; fileRef = 0AB856C02A1363DE00C70702 /* FavoriteViewModel.swift */; };
		0AB856C32A13643900C70702 /* ProductViewModel.swift in Sources */ = {isa = PBXBuildFile; fileRef = 0AB856C22A13643900C70702 /* ProductViewModel.swift */; };
		0AB856C52A13785C00C70702 /* FirebaseStorage in Frameworks */ = {isa = PBXBuildFile; productRef = 0AB856C42A13785C00C70702 /* FirebaseStorage */; };
		0AB856C82A13791E00C70702 /* StorageManager.swift in Sources */ = {isa = PBXBuildFile; fileRef = 0AB856C72A13791E00C70702 /* StorageManager.swift */; };
		0AB856CA2A137C5D00C70702 /* ProfileViewModel.swift in Sources */ = {isa = PBXBuildFile; fileRef = 0AB856C92A137C5D00C70702 /* ProfileViewModel.swift */; };
		0ADBCDAF2A0CD20600546664 /* GoogleSignIn in Frameworks */ = {isa = PBXBuildFile; productRef = 0ADBCDAE2A0CD20600546664 /* GoogleSignIn */; };
		0ADBCDB12A0CD20600546664 /* GoogleSignInSwift in Frameworks */ = {isa = PBXBuildFile; productRef = 0ADBCDB02A0CD20600546664 /* GoogleSignInSwift */; };
		0ADBCDB52A0CD90800546664 /* Utilities.swift in Sources */ = {isa = PBXBuildFile; fileRef = 0ADBCDB42A0CD90800546664 /* Utilities.swift */; };
		0ADBCDB72A0CE7C800546664 /* SignInGoogleHelper.swift in Sources */ = {isa = PBXBuildFile; fileRef = 0ADBCDB62A0CE7C800546664 /* SignInGoogleHelper.swift */; };
		0AE1117A2A12358B007D2049 /* TabbarView.swift in Sources */ = {isa = PBXBuildFile; fileRef = 0AE111792A12358B007D2049 /* TabbarView.swift */; };
		0AE1117D2A123827007D2049 /* FavoriteView.swift in Sources */ = {isa = PBXBuildFile; fileRef = 0AE1117C2A123827007D2049 /* FavoriteView.swift */; };
		0AE1117F2A124EFA007D2049 /* ProductCellViewBuilder.swift in Sources */ = {isa = PBXBuildFile; fileRef = 0AE1117E2A124EFA007D2049 /* ProductCellViewBuilder.swift */; };
		0AE8106B2A0A25B3004E9C8A /* FirbaseBootcampApp.swift in Sources */ = {isa = PBXBuildFile; fileRef = 0AE8106A2A0A25B3004E9C8A /* FirbaseBootcampApp.swift */; };
		0AE8106D2A0A25B3004E9C8A /* ContentView.swift in Sources */ = {isa = PBXBuildFile; fileRef = 0AE8106C2A0A25B3004E9C8A /* ContentView.swift */; };
		0AE8106F2A0A25B4004E9C8A /* Assets.xcassets in Resources */ = {isa = PBXBuildFile; fileRef = 0AE8106E2A0A25B4004E9C8A /* Assets.xcassets */; };
		0AE810722A0A25B4004E9C8A /* Preview Assets.xcassets in Resources */ = {isa = PBXBuildFile; fileRef = 0AE810712A0A25B4004E9C8A /* Preview Assets.xcassets */; };
		0AE8107C2A0A2B2D004E9C8A /* FirebaseAnalytics in Frameworks */ = {isa = PBXBuildFile; productRef = 0AE8107B2A0A2B2D004E9C8A /* FirebaseAnalytics */; };
		0AE8107E2A0A2B2D004E9C8A /* FirebaseAnalyticsSwift in Frameworks */ = {isa = PBXBuildFile; productRef = 0AE8107D2A0A2B2D004E9C8A /* FirebaseAnalyticsSwift */; };
		0AE810812A0A391D004E9C8A /* FirebaseAuth in Frameworks */ = {isa = PBXBuildFile; productRef = 0AE810802A0A391D004E9C8A /* FirebaseAuth */; };
		0AE810842A0A39D5004E9C8A /* AuthenticationView.swift in Sources */ = {isa = PBXBuildFile; fileRef = 0AE810832A0A39D5004E9C8A /* AuthenticationView.swift */; };
		0AE810862A0A3BAB004E9C8A /* SignInEmailView.swift in Sources */ = {isa = PBXBuildFile; fileRef = 0AE810852A0A3BAB004E9C8A /* SignInEmailView.swift */; };
		0AE810882A0A3F8F004E9C8A /* AuthenticationManager.swift in Sources */ = {isa = PBXBuildFile; fileRef = 0AE810872A0A3F8F004E9C8A /* AuthenticationManager.swift */; };
		0AE8108A2A0A4550004E9C8A /* RootView.swift in Sources */ = {isa = PBXBuildFile; fileRef = 0AE810892A0A4550004E9C8A /* RootView.swift */; };
/* End PBXBuildFile section */

/* Begin PBXFileReference section */
		0A105F962A0CFC5D00A11A20 /* FirbaseBootcamp.entitlements */ = {isa = PBXFileReference; lastKnownFileType = text.plist.entitlements; path = FirbaseBootcamp.entitlements; sourceTree = "<group>"; };
		0A105F972A0CFE4900A11A20 /* GoogleService-Info.plist */ = {isa = PBXFileReference; fileEncoding = 4; lastKnownFileType = text.plist.xml; path = "GoogleService-Info.plist"; sourceTree = "<group>"; };
		0A1373302A0E6EEF003B2A79 /* UserManager.swift */ = {isa = PBXFileReference; lastKnownFileType = sourcecode.swift; path = UserManager.swift; sourceTree = "<group>"; };
		0A4E62D42A10D5FC00C1DB53 /* ProductsDatabase.swift */ = {isa = PBXFileReference; lastKnownFileType = sourcecode.swift; path = ProductsDatabase.swift; sourceTree = "<group>"; };
		0A4E62D72A10D74C00C1DB53 /* ProductsView.swift */ = {isa = PBXFileReference; lastKnownFileType = sourcecode.swift; path = ProductsView.swift; sourceTree = "<group>"; };
		0A4E62D92A10DA8B00C1DB53 /* ProductsManager.swift */ = {isa = PBXFileReference; lastKnownFileType = sourcecode.swift; path = ProductsManager.swift; sourceTree = "<group>"; };
		0A4E62DC2A10F8DA00C1DB53 /* ProductCellView.swift */ = {isa = PBXFileReference; lastKnownFileType = sourcecode.swift; path = ProductCellView.swift; sourceTree = "<group>"; };
		0A721E5E2A147063000B1029 /* CrashView.swift */ = {isa = PBXFileReference; lastKnownFileType = sourcecode.swift; path = CrashView.swift; sourceTree = "<group>"; };
		0A721E632A14B3EC000B1029 /* PerformanceView.swift */ = {isa = PBXFileReference; lastKnownFileType = sourcecode.swift; path = PerformanceView.swift; sourceTree = "<group>"; };
		0A721E662A14C0C8000B1029 /* AdSupport.framework */ = {isa = PBXFileReference; lastKnownFileType = wrapper.framework; name = AdSupport.framework; path = System/Library/Frameworks/AdSupport.framework; sourceTree = SDKROOT; };
		0A721E682A14C0E9000B1029 /* AnalyticsView.swift */ = {isa = PBXFileReference; lastKnownFileType = sourcecode.swift; path = AnalyticsView.swift; sourceTree = "<group>"; };
		0A7AB0BC2A0E4A9E0033BB1F /* SettingsViewModel.swift */ = {isa = PBXFileReference; lastKnownFileType = sourcecode.swift; path = SettingsViewModel.swift; sourceTree = "<group>"; };
		0A7AB0BF2A0E4B140033BB1F /* AuthenticationViewModel.swift */ = {isa = PBXFileReference; lastKnownFileType = sourcecode.swift; path = AuthenticationViewModel.swift; sourceTree = "<group>"; };
		0A7AB0C22A0E4B7E0033BB1F /* SignInEmailViewModel.swift */ = {isa = PBXFileReference; lastKnownFileType = sourcecode.swift; path = SignInEmailViewModel.swift; sourceTree = "<group>"; };
		0A7AB0C52A0E4BEC0033BB1F /* ProfileView.swift */ = {isa = PBXFileReference; lastKnownFileType = sourcecode.swift; path = ProfileView.swift; sourceTree = "<group>"; };
		0A7F61782A0E046500D97C53 /* SignInAppleHelper.swift */ = {isa = PBXFileReference; lastKnownFileType = sourcecode.swift; path = SignInAppleHelper.swift; sourceTree = "<group>"; };
		0AA3C5902A0A806E00B5B0D7 /* SettingsView.swift */ = {isa = PBXFileReference; lastKnownFileType = sourcecode.swift; path = SettingsView.swift; sourceTree = "<group>"; };
		0AB856BB2A1361C100C70702 /* Query+EXT.swift */ = {isa = PBXFileReference; lastKnownFileType = sourcecode.swift; path = "Query+EXT.swift"; sourceTree = "<group>"; };
		0AB856BE2A13637900C70702 /* OnFirstAppearViewModifier.swift */ = {isa = PBXFileReference; lastKnownFileType = sourcecode.swift; path = OnFirstAppearViewModifier.swift; sourceTree = "<group>"; };
		0AB856C02A1363DE00C70702 /* FavoriteViewModel.swift */ = {isa = PBXFileReference; lastKnownFileType = sourcecode.swift; path = FavoriteViewModel.swift; sourceTree = "<group>"; };
		0AB856C22A13643900C70702 /* ProductViewModel.swift */ = {isa = PBXFileReference; lastKnownFileType = sourcecode.swift; path = ProductViewModel.swift; sourceTree = "<group>"; };
		0AB856C72A13791E00C70702 /* StorageManager.swift */ = {isa = PBXFileReference; lastKnownFileType = sourcecode.swift; path = StorageManager.swift; sourceTree = "<group>"; };
		0AB856C92A137C5D00C70702 /* ProfileViewModel.swift */ = {isa = PBXFileReference; lastKnownFileType = sourcecode.swift; path = ProfileViewModel.swift; sourceTree = "<group>"; };
		0ADBCDB22A0CD2A300546664 /* Info.plist */ = {isa = PBXFileReference; lastKnownFileType = text.plist; path = Info.plist; sourceTree = "<group>"; };
		0ADBCDB42A0CD90800546664 /* Utilities.swift */ = {isa = PBXFileReference; lastKnownFileType = sourcecode.swift; path = Utilities.swift; sourceTree = "<group>"; };
		0ADBCDB62A0CE7C800546664 /* SignInGoogleHelper.swift */ = {isa = PBXFileReference; lastKnownFileType = sourcecode.swift; path = SignInGoogleHelper.swift; sourceTree = "<group>"; };
		0AE111792A12358B007D2049 /* TabbarView.swift */ = {isa = PBXFileReference; lastKnownFileType = sourcecode.swift; path = TabbarView.swift; sourceTree = "<group>"; };
		0AE1117C2A123827007D2049 /* FavoriteView.swift */ = {isa = PBXFileReference; lastKnownFileType = sourcecode.swift; path = FavoriteView.swift; sourceTree = "<group>"; };
		0AE1117E2A124EFA007D2049 /* ProductCellViewBuilder.swift */ = {isa = PBXFileReference; lastKnownFileType = sourcecode.swift; path = ProductCellViewBuilder.swift; sourceTree = "<group>"; };
		0AE810672A0A25B3004E9C8A /* FirbaseBootcamp.app */ = {isa = PBXFileReference; explicitFileType = wrapper.application; includeInIndex = 0; path = FirbaseBootcamp.app; sourceTree = BUILT_PRODUCTS_DIR; };
		0AE8106A2A0A25B3004E9C8A /* FirbaseBootcampApp.swift */ = {isa = PBXFileReference; lastKnownFileType = sourcecode.swift; path = FirbaseBootcampApp.swift; sourceTree = "<group>"; };
		0AE8106C2A0A25B3004E9C8A /* ContentView.swift */ = {isa = PBXFileReference; lastKnownFileType = sourcecode.swift; path = ContentView.swift; sourceTree = "<group>"; };
		0AE8106E2A0A25B4004E9C8A /* Assets.xcassets */ = {isa = PBXFileReference; lastKnownFileType = folder.assetcatalog; path = Assets.xcassets; sourceTree = "<group>"; };
		0AE810712A0A25B4004E9C8A /* Preview Assets.xcassets */ = {isa = PBXFileReference; lastKnownFileType = folder.assetcatalog; path = "Preview Assets.xcassets"; sourceTree = "<group>"; };
		0AE810832A0A39D5004E9C8A /* AuthenticationView.swift */ = {isa = PBXFileReference; lastKnownFileType = sourcecode.swift; path = AuthenticationView.swift; sourceTree = "<group>"; };
		0AE810852A0A3BAB004E9C8A /* SignInEmailView.swift */ = {isa = PBXFileReference; lastKnownFileType = sourcecode.swift; path = SignInEmailView.swift; sourceTree = "<group>"; };
		0AE810872A0A3F8F004E9C8A /* AuthenticationManager.swift */ = {isa = PBXFileReference; lastKnownFileType = sourcecode.swift; path = AuthenticationManager.swift; sourceTree = "<group>"; };
		0AE810892A0A4550004E9C8A /* RootView.swift */ = {isa = PBXFileReference; lastKnownFileType = sourcecode.swift; path = RootView.swift; sourceTree = "<group>"; };
/* End PBXFileReference section */

/* Begin PBXFrameworksBuildPhase section */
		0AE810642A0A25B3004E9C8A /* Frameworks */ = {
			isa = PBXFrameworksBuildPhase;
			buildActionMask = 2147483647;
			files = (
				0ADBCDB12A0CD20600546664 /* GoogleSignInSwift in Frameworks */,
				0AE8107E2A0A2B2D004E9C8A /* FirebaseAnalyticsSwift in Frameworks */,
				0A721E612A14B3A4000B1029 /* FirebasePerformance in Frameworks */,
				0ADBCDAF2A0CD20600546664 /* GoogleSignIn in Frameworks */,
				0A7AB0B92A0E496A0033BB1F /* FirebaseFirestoreSwift in Frameworks */,
				0AE810812A0A391D004E9C8A /* FirebaseAuth in Frameworks */,
				0AB856C52A13785C00C70702 /* FirebaseStorage in Frameworks */,
				0A721E672A14C0C8000B1029 /* AdSupport.framework in Frameworks */,
				0A721E5B2A146C57000B1029 /* FirebaseCrashlytics in Frameworks */,
				0AE8107C2A0A2B2D004E9C8A /* FirebaseAnalytics in Frameworks */,
				0A7AB0B72A0E496A0033BB1F /* FirebaseFirestore in Frameworks */,
			);
			runOnlyForDeploymentPostprocessing = 0;
		};
/* End PBXFrameworksBuildPhase section */

/* Begin PBXGroup section */
		0A13732F2A0E6E8C003B2A79 /* Firestore */ = {
			isa = PBXGroup;
			children = (
				0A1373302A0E6EEF003B2A79 /* UserManager.swift */,
				0A4E62D92A10DA8B00C1DB53 /* ProductsManager.swift */,
			);
			path = Firestore;
			sourceTree = "<group>";
		};
		0A4E62D62A10D71E00C1DB53 /* Products */ = {
			isa = PBXGroup;
			children = (
				0A4E62DB2A10F8C800C1DB53 /* Subviews */,
				0A4E62D72A10D74C00C1DB53 /* ProductsView.swift */,
				0AB856C22A13643900C70702 /* ProductViewModel.swift */,
			);
			path = Products;
			sourceTree = "<group>";
		};
		0A4E62DB2A10F8C800C1DB53 /* Subviews */ = {
			isa = PBXGroup;
			children = (
				0A4E62DC2A10F8DA00C1DB53 /* ProductCellView.swift */,
				0AE1117E2A124EFA007D2049 /* ProductCellViewBuilder.swift */,
			);
			path = Subviews;
			sourceTree = "<group>";
		};
		0A721E5D2A147024000B1029 /* Crashlytics */ = {
			isa = PBXGroup;
			children = (
				0A721E5E2A147063000B1029 /* CrashView.swift */,
			);
			path = Crashlytics;
			sourceTree = "<group>";
		};
		0A721E622A14B3DA000B1029 /* Performance */ = {
			isa = PBXGroup;
			children = (
				0A721E632A14B3EC000B1029 /* PerformanceView.swift */,
			);
			path = Performance;
			sourceTree = "<group>";
		};
		0A721E652A14C072000B1029 /* Analytics */ = {
			isa = PBXGroup;
			children = (
				0A721E682A14C0E9000B1029 /* AnalyticsView.swift */,
			);
			path = Analytics;
			sourceTree = "<group>";
		};
		0A7AB0BA2A0E4A3C0033BB1F /* Core */ = {
			isa = PBXGroup;
			children = (
				0AE810892A0A4550004E9C8A /* RootView.swift */,
				0A7AB0BE2A0E4AF90033BB1F /* Authentication */,
				0AE111782A123572007D2049 /* Tabbar */,
				0A4E62D62A10D71E00C1DB53 /* Products */,
				0AE1117B2A123813007D2049 /* Favorites */,
				0A7AB0C42A0E4BBD0033BB1F /* Profile */,
				0A7AB0BB2A0E4A7E0033BB1F /* Settings */,
			);
			path = Core;
			sourceTree = "<group>";
		};
		0A7AB0BB2A0E4A7E0033BB1F /* Settings */ = {
			isa = PBXGroup;
			children = (
				0AA3C5902A0A806E00B5B0D7 /* SettingsView.swift */,
				0A7AB0BC2A0E4A9E0033BB1F /* SettingsViewModel.swift */,
			);
			path = Settings;
			sourceTree = "<group>";
		};
		0A7AB0BE2A0E4AF90033BB1F /* Authentication */ = {
			isa = PBXGroup;
			children = (
				0A7AB0C12A0E4B510033BB1F /* Subviews */,
				0AE810832A0A39D5004E9C8A /* AuthenticationView.swift */,
				0A7AB0BF2A0E4B140033BB1F /* AuthenticationViewModel.swift */,
			);
			path = Authentication;
			sourceTree = "<group>";
		};
		0A7AB0C12A0E4B510033BB1F /* Subviews */ = {
			isa = PBXGroup;
			children = (
				0AE810852A0A3BAB004E9C8A /* SignInEmailView.swift */,
				0A7AB0C22A0E4B7E0033BB1F /* SignInEmailViewModel.swift */,
			);
			path = Subviews;
			sourceTree = "<group>";
		};
		0A7AB0C42A0E4BBD0033BB1F /* Profile */ = {
			isa = PBXGroup;
			children = (
				0A7AB0C52A0E4BEC0033BB1F /* ProfileView.swift */,
				0AB856C92A137C5D00C70702 /* ProfileViewModel.swift */,
			);
			path = Profile;
			sourceTree = "<group>";
		};
		0AB856BA2A13619F00C70702 /* Extensions */ = {
			isa = PBXGroup;
			children = (
				0AB856BB2A1361C100C70702 /* Query+EXT.swift */,
			);
			path = Extensions;
			sourceTree = "<group>";
		};
		0AB856BD2A13635100C70702 /* Components */ = {
			isa = PBXGroup;
			children = (
				0AB856BE2A13637900C70702 /* OnFirstAppearViewModifier.swift */,
			);
			path = Components;
			sourceTree = "<group>";
		};
		0AB856C62A13790F00C70702 /* Storage */ = {
			isa = PBXGroup;
			children = (
				0AB856C72A13791E00C70702 /* StorageManager.swift */,
			);
			path = Storage;
			sourceTree = "<group>";
		};
		0ADBCDB32A0CD8D600546664 /* Utilities */ = {
			isa = PBXGroup;
			children = (
				0ADBCDB42A0CD90800546664 /* Utilities.swift */,
				0A4E62D42A10D5FC00C1DB53 /* ProductsDatabase.swift */,
			);
			path = Utilities;
			sourceTree = "<group>";
		};
		0AE111782A123572007D2049 /* Tabbar */ = {
			isa = PBXGroup;
			children = (
				0AE111792A12358B007D2049 /* TabbarView.swift */,
			);
			path = Tabbar;
			sourceTree = "<group>";
		};
		0AE1117B2A123813007D2049 /* Favorites */ = {
			isa = PBXGroup;
			children = (
				0AE1117C2A123827007D2049 /* FavoriteView.swift */,
				0AB856C02A1363DE00C70702 /* FavoriteViewModel.swift */,
			);
			path = Favorites;
			sourceTree = "<group>";
		};
		0AE8105E2A0A25B3004E9C8A = {
			isa = PBXGroup;
			children = (
				0AE810692A0A25B3004E9C8A /* FirbaseBootcamp */,
				0AE810682A0A25B3004E9C8A /* Products */,
				0AE8107F2A0A391D004E9C8A /* Frameworks */,
			);
			sourceTree = "<group>";
		};
		0AE810682A0A25B3004E9C8A /* Products */ = {
			isa = PBXGroup;
			children = (
				0AE810672A0A25B3004E9C8A /* FirbaseBootcamp.app */,
			);
			name = Products;
			sourceTree = "<group>";
		};
		0AE810692A0A25B3004E9C8A /* FirbaseBootcamp */ = {
			isa = PBXGroup;
			children = (
				0A105F962A0CFC5D00A11A20 /* FirbaseBootcamp.entitlements */,
				0ADBCDB22A0CD2A300546664 /* Info.plist */,
				0AE8106A2A0A25B3004E9C8A /* FirbaseBootcampApp.swift */,
				0AE8106C2A0A25B3004E9C8A /* ContentView.swift */,
				0AB856BD2A13635100C70702 /* Components */,
				0AB856BA2A13619F00C70702 /* Extensions */,
				0A7AB0BA2A0E4A3C0033BB1F /* Core */,
				0ADBCDB32A0CD8D600546664 /* Utilities */,
				0AE810822A0A39C0004E9C8A /* Authentication */,
				0A13732F2A0E6E8C003B2A79 /* Firestore */,
				0AB856C62A13790F00C70702 /* Storage */,
				0A721E5D2A147024000B1029 /* Crashlytics */,
				0A721E622A14B3DA000B1029 /* Performance */,
				0A721E652A14C072000B1029 /* Analytics */,
				0AE8106E2A0A25B4004E9C8A /* Assets.xcassets */,
				0A105F972A0CFE4900A11A20 /* GoogleService-Info.plist */,
				0AE810702A0A25B4004E9C8A /* Preview Content */,
			);
			path = FirbaseBootcamp;
			sourceTree = "<group>";
		};
		0AE810702A0A25B4004E9C8A /* Preview Content */ = {
			isa = PBXGroup;
			children = (
				0AE810712A0A25B4004E9C8A /* Preview Assets.xcassets */,
			);
			path = "Preview Content";
			sourceTree = "<group>";
		};
		0AE8107F2A0A391D004E9C8A /* Frameworks */ = {
			isa = PBXGroup;
			children = (
				0A721E662A14C0C8000B1029 /* AdSupport.framework */,
			);
			name = Frameworks;
			sourceTree = "<group>";
		};
		0AE810822A0A39C0004E9C8A /* Authentication */ = {
			isa = PBXGroup;
			children = (
				0AE810872A0A3F8F004E9C8A /* AuthenticationManager.swift */,
				0ADBCDB62A0CE7C800546664 /* SignInGoogleHelper.swift */,
				0A7F61782A0E046500D97C53 /* SignInAppleHelper.swift */,
			);
			path = Authentication;
			sourceTree = "<group>";
		};
/* End PBXGroup section */

/* Begin PBXNativeTarget section */
		0AE810662A0A25B3004E9C8A /* FirbaseBootcamp */ = {
			isa = PBXNativeTarget;
			buildConfigurationList = 0AE810752A0A25B4004E9C8A /* Build configuration list for PBXNativeTarget "FirbaseBootcamp" */;
			buildPhases = (
				0AE810632A0A25B3004E9C8A /* Sources */,
				0AE810642A0A25B3004E9C8A /* Frameworks */,
				0AE810652A0A25B3004E9C8A /* Resources */,
				0A721E5C2A146D92000B1029 /* ShellScript */,
			);
			buildRules = (
			);
			dependencies = (
			);
			name = FirbaseBootcamp;
			packageProductDependencies = (
				0AE8107B2A0A2B2D004E9C8A /* FirebaseAnalytics */,
				0AE8107D2A0A2B2D004E9C8A /* FirebaseAnalyticsSwift */,
				0AE810802A0A391D004E9C8A /* FirebaseAuth */,
				0ADBCDAE2A0CD20600546664 /* GoogleSignIn */,
				0ADBCDB02A0CD20600546664 /* GoogleSignInSwift */,
				0A7AB0B62A0E496A0033BB1F /* FirebaseFirestore */,
				0A7AB0B82A0E496A0033BB1F /* FirebaseFirestoreSwift */,
				0AB856C42A13785C00C70702 /* FirebaseStorage */,
				0A721E5A2A146C57000B1029 /* FirebaseCrashlytics */,
				0A721E602A14B3A4000B1029 /* FirebasePerformance */,
			);
			productName = FirbaseBootcamp;
			productReference = 0AE810672A0A25B3004E9C8A /* FirbaseBootcamp.app */;
			productType = "com.apple.product-type.application";
		};
/* End PBXNativeTarget section */

/* Begin PBXProject section */
		0AE8105F2A0A25B3004E9C8A /* Project object */ = {
			isa = PBXProject;
			attributes = {
				BuildIndependentTargetsInParallel = 1;
				LastSwiftUpdateCheck = 1430;
				LastUpgradeCheck = 1430;
				TargetAttributes = {
					0AE810662A0A25B3004E9C8A = {
						CreatedOnToolsVersion = 14.3;
					};
				};
			};
			buildConfigurationList = 0AE810622A0A25B3004E9C8A /* Build configuration list for PBXProject "FirbaseBootcamp" */;
			compatibilityVersion = "Xcode 14.0";
			developmentRegion = en;
			hasScannedForEncodings = 0;
			knownRegions = (
				en,
				Base,
			);
			mainGroup = 0AE8105E2A0A25B3004E9C8A;
			packageReferences = (
				0AE8107A2A0A2B2D004E9C8A /* XCRemoteSwiftPackageReference "firebase-ios-sdk" */,
				0ADBCDAD2A0CD20600546664 /* XCRemoteSwiftPackageReference "GoogleSignIn-iOS" */,
			);
			productRefGroup = 0AE810682A0A25B3004E9C8A /* Products */;
			projectDirPath = "";
			projectRoot = "";
			targets = (
				0AE810662A0A25B3004E9C8A /* FirbaseBootcamp */,
			);
		};
/* End PBXProject section */

/* Begin PBXResourcesBuildPhase section */
		0AE810652A0A25B3004E9C8A /* Resources */ = {
			isa = PBXResourcesBuildPhase;
			buildActionMask = 2147483647;
			files = (
				0AE810722A0A25B4004E9C8A /* Preview Assets.xcassets in Resources */,
				0AE8106F2A0A25B4004E9C8A /* Assets.xcassets in Resources */,
				0A105F982A0CFE4900A11A20 /* GoogleService-Info.plist in Resources */,
			);
			runOnlyForDeploymentPostprocessing = 0;
		};
/* End PBXResourcesBuildPhase section */

/* Begin PBXShellScriptBuildPhase section */
		0A721E5C2A146D92000B1029 /* ShellScript */ = {
			isa = PBXShellScriptBuildPhase;
			buildActionMask = 2147483647;
			files = (
			);
			inputFileListPaths = (
			);
			inputPaths = (
				"${DWARF_DSYM_FOLDER_PATH}/${DWARF_DSYM_FILE_NAME}/Contents/Resources/DWARF/${TARGET_NAME}",
				"$(SRCROOT)/$(BUILT_PRODUCTS_DIR)/$(INFOPLIST_PATH)",
			);
			outputFileListPaths = (
			);
			outputPaths = (
			);
			runOnlyForDeploymentPostprocessing = 0;
			shellPath = /bin/sh;
			shellScript = "# Type a script or drag a script file from your workspace to insert its path.\n\"${BUILD_DIR%/Build/*}/SourcePackages/checkouts/firebase-ios-sdk/Crashlytics/run\"\n";
		};
/* End PBXShellScriptBuildPhase section */

/* Begin PBXSourcesBuildPhase section */
		0AE810632A0A25B3004E9C8A /* Sources */ = {
			isa = PBXSourcesBuildPhase;
			buildActionMask = 2147483647;
			files = (
				0A721E692A14C0E9000B1029 /* AnalyticsView.swift in Sources */,
				0A7AB0C02A0E4B140033BB1F /* AuthenticationViewModel.swift in Sources */,
				0AA3C5912A0A806E00B5B0D7 /* SettingsView.swift in Sources */,
				0A4E62DD2A10F8DA00C1DB53 /* ProductCellView.swift in Sources */,
				0AE810842A0A39D5004E9C8A /* AuthenticationView.swift in Sources */,
				0A1373312A0E6EEF003B2A79 /* UserManager.swift in Sources */,
				0AE8106D2A0A25B3004E9C8A /* ContentView.swift in Sources */,
				0AB856CA2A137C5D00C70702 /* ProfileViewModel.swift in Sources */,
				0A721E5F2A147063000B1029 /* CrashView.swift in Sources */,
				0AE8108A2A0A4550004E9C8A /* RootView.swift in Sources */,
				0A721E642A14B3EC000B1029 /* PerformanceView.swift in Sources */,
				0A7AB0C32A0E4B7E0033BB1F /* SignInEmailViewModel.swift in Sources */,
				0AB856C12A1363DE00C70702 /* FavoriteViewModel.swift in Sources */,
				0A4E62DA2A10DA8B00C1DB53 /* ProductsManager.swift in Sources */,
				0ADBCDB72A0CE7C800546664 /* SignInGoogleHelper.swift in Sources */,
				0AE8106B2A0A25B3004E9C8A /* FirbaseBootcampApp.swift in Sources */,
				0AE810882A0A3F8F004E9C8A /* AuthenticationManager.swift in Sources */,
				0A4E62D52A10D5FC00C1DB53 /* ProductsDatabase.swift in Sources */,
				0ADBCDB52A0CD90800546664 /* Utilities.swift in Sources */,
				0A4E62D82A10D74C00C1DB53 /* ProductsView.swift in Sources */,
				0A7AB0BD2A0E4A9E0033BB1F /* SettingsViewModel.swift in Sources */,
				0AE1117D2A123827007D2049 /* FavoriteView.swift in Sources */,
				0AB856C32A13643900C70702 /* ProductViewModel.swift in Sources */,
				0A7F61792A0E046500D97C53 /* SignInAppleHelper.swift in Sources */,
				0AB856BF2A13637900C70702 /* OnFirstAppearViewModifier.swift in Sources */,
				0AB856C82A13791E00C70702 /* StorageManager.swift in Sources */,
				0AE1117F2A124EFA007D2049 /* ProductCellViewBuilder.swift in Sources */,
				0A7AB0C62A0E4BEC0033BB1F /* ProfileView.swift in Sources */,
				0AE1117A2A12358B007D2049 /* TabbarView.swift in Sources */,
				0AE810862A0A3BAB004E9C8A /* SignInEmailView.swift in Sources */,
				0AB856BC2A1361C100C70702 /* Query+EXT.swift in Sources */,
			);
			runOnlyForDeploymentPostprocessing = 0;
		};
/* End PBXSourcesBuildPhase section */

/* Begin XCBuildConfiguration section */
		0AE810732A0A25B4004E9C8A /* Debug */ = {
			isa = XCBuildConfiguration;
			buildSettings = {
				ALWAYS_SEARCH_USER_PATHS = NO;
				CLANG_ANALYZER_NONNULL = YES;
				CLANG_ANALYZER_NUMBER_OBJECT_CONVERSION = YES_AGGRESSIVE;
				CLANG_CXX_LANGUAGE_STANDARD = "gnu++20";
				CLANG_ENABLE_MODULES = YES;
				CLANG_ENABLE_OBJC_ARC = YES;
				CLANG_ENABLE_OBJC_WEAK = YES;
				CLANG_WARN_BLOCK_CAPTURE_AUTORELEASING = YES;
				CLANG_WARN_BOOL_CONVERSION = YES;
				CLANG_WARN_COMMA = YES;
				CLANG_WARN_CONSTANT_CONVERSION = YES;
				CLANG_WARN_DEPRECATED_OBJC_IMPLEMENTATIONS = YES;
				CLANG_WARN_DIRECT_OBJC_ISA_USAGE = YES_ERROR;
				CLANG_WARN_DOCUMENTATION_COMMENTS = YES;
				CLANG_WARN_EMPTY_BODY = YES;
				CLANG_WARN_ENUM_CONVERSION = YES;
				CLANG_WARN_INFINITE_RECURSION = YES;
				CLANG_WARN_INT_CONVERSION = YES;
				CLANG_WARN_NON_LITERAL_NULL_CONVERSION = YES;
				CLANG_WARN_OBJC_IMPLICIT_RETAIN_SELF = YES;
				CLANG_WARN_OBJC_LITERAL_CONVERSION = YES;
				CLANG_WARN_OBJC_ROOT_CLASS = YES_ERROR;
				CLANG_WARN_QUOTED_INCLUDE_IN_FRAMEWORK_HEADER = YES;
				CLANG_WARN_RANGE_LOOP_ANALYSIS = YES;
				CLANG_WARN_STRICT_PROTOTYPES = YES;
				CLANG_WARN_SUSPICIOUS_MOVE = YES;
				CLANG_WARN_UNGUARDED_AVAILABILITY = YES_AGGRESSIVE;
				CLANG_WARN_UNREACHABLE_CODE = YES;
				CLANG_WARN__DUPLICATE_METHOD_MATCH = YES;
				COPY_PHASE_STRIP = NO;
				DEBUG_INFORMATION_FORMAT = dwarf;
				ENABLE_STRICT_OBJC_MSGSEND = YES;
				ENABLE_TESTABILITY = YES;
				GCC_C_LANGUAGE_STANDARD = gnu11;
				GCC_DYNAMIC_NO_PIC = NO;
				GCC_NO_COMMON_BLOCKS = YES;
				GCC_OPTIMIZATION_LEVEL = 0;
				GCC_PREPROCESSOR_DEFINITIONS = (
					"DEBUG=1",
					"$(inherited)",
				);
				GCC_WARN_64_TO_32_BIT_CONVERSION = YES;
				GCC_WARN_ABOUT_RETURN_TYPE = YES_ERROR;
				GCC_WARN_UNDECLARED_SELECTOR = YES;
				GCC_WARN_UNINITIALIZED_AUTOS = YES_AGGRESSIVE;
				GCC_WARN_UNUSED_FUNCTION = YES;
				GCC_WARN_UNUSED_VARIABLE = YES;
				IPHONEOS_DEPLOYMENT_TARGET = 16.4;
				MTL_ENABLE_DEBUG_INFO = INCLUDE_SOURCE;
				MTL_FAST_MATH = YES;
				ONLY_ACTIVE_ARCH = YES;
				SDKROOT = iphoneos;
				SWIFT_ACTIVE_COMPILATION_CONDITIONS = DEBUG;
				SWIFT_OPTIMIZATION_LEVEL = "-Onone";
			};
			name = Debug;
		};
		0AE810742A0A25B4004E9C8A /* Release */ = {
			isa = XCBuildConfiguration;
			buildSettings = {
				ALWAYS_SEARCH_USER_PATHS = NO;
				CLANG_ANALYZER_NONNULL = YES;
				CLANG_ANALYZER_NUMBER_OBJECT_CONVERSION = YES_AGGRESSIVE;
				CLANG_CXX_LANGUAGE_STANDARD = "gnu++20";
				CLANG_ENABLE_MODULES = YES;
				CLANG_ENABLE_OBJC_ARC = YES;
				CLANG_ENABLE_OBJC_WEAK = YES;
				CLANG_WARN_BLOCK_CAPTURE_AUTORELEASING = YES;
				CLANG_WARN_BOOL_CONVERSION = YES;
				CLANG_WARN_COMMA = YES;
				CLANG_WARN_CONSTANT_CONVERSION = YES;
				CLANG_WARN_DEPRECATED_OBJC_IMPLEMENTATIONS = YES;
				CLANG_WARN_DIRECT_OBJC_ISA_USAGE = YES_ERROR;
				CLANG_WARN_DOCUMENTATION_COMMENTS = YES;
				CLANG_WARN_EMPTY_BODY = YES;
				CLANG_WARN_ENUM_CONVERSION = YES;
				CLANG_WARN_INFINITE_RECURSION = YES;
				CLANG_WARN_INT_CONVERSION = YES;
				CLANG_WARN_NON_LITERAL_NULL_CONVERSION = YES;
				CLANG_WARN_OBJC_IMPLICIT_RETAIN_SELF = YES;
				CLANG_WARN_OBJC_LITERAL_CONVERSION = YES;
				CLANG_WARN_OBJC_ROOT_CLASS = YES_ERROR;
				CLANG_WARN_QUOTED_INCLUDE_IN_FRAMEWORK_HEADER = YES;
				CLANG_WARN_RANGE_LOOP_ANALYSIS = YES;
				CLANG_WARN_STRICT_PROTOTYPES = YES;
				CLANG_WARN_SUSPICIOUS_MOVE = YES;
				CLANG_WARN_UNGUARDED_AVAILABILITY = YES_AGGRESSIVE;
				CLANG_WARN_UNREACHABLE_CODE = YES;
				CLANG_WARN__DUPLICATE_METHOD_MATCH = YES;
				COPY_PHASE_STRIP = NO;
				DEBUG_INFORMATION_FORMAT = "dwarf-with-dsym";
				ENABLE_NS_ASSERTIONS = NO;
				ENABLE_STRICT_OBJC_MSGSEND = YES;
				GCC_C_LANGUAGE_STANDARD = gnu11;
				GCC_NO_COMMON_BLOCKS = YES;
				GCC_WARN_64_TO_32_BIT_CONVERSION = YES;
				GCC_WARN_ABOUT_RETURN_TYPE = YES_ERROR;
				GCC_WARN_UNDECLARED_SELECTOR = YES;
				GCC_WARN_UNINITIALIZED_AUTOS = YES_AGGRESSIVE;
				GCC_WARN_UNUSED_FUNCTION = YES;
				GCC_WARN_UNUSED_VARIABLE = YES;
				IPHONEOS_DEPLOYMENT_TARGET = 16.4;
				MTL_ENABLE_DEBUG_INFO = NO;
				MTL_FAST_MATH = YES;
				SDKROOT = iphoneos;
				SWIFT_COMPILATION_MODE = wholemodule;
				SWIFT_OPTIMIZATION_LEVEL = "-O";
				VALIDATE_PRODUCT = YES;
			};
			name = Release;
		};
		0AE810762A0A25B4004E9C8A /* Debug */ = {
			isa = XCBuildConfiguration;
			buildSettings = {
				ASSETCATALOG_COMPILER_APPICON_NAME = AppIcon;
				ASSETCATALOG_COMPILER_GLOBAL_ACCENT_COLOR_NAME = AccentColor;
				CODE_SIGN_ENTITLEMENTS = FirbaseBootcamp/FirbaseBootcamp.entitlements;
				CODE_SIGN_STYLE = Automatic;
				CURRENT_PROJECT_VERSION = 1;
				DEBUG_INFORMATION_FORMAT = "dwarf-with-dsym";
				DEVELOPMENT_ASSET_PATHS = "\"FirbaseBootcamp/Preview Content\"";
				DEVELOPMENT_TEAM = 4583567474;
				ENABLE_PREVIEWS = YES;
				GENERATE_INFOPLIST_FILE = YES;
				INFOPLIST_FILE = FirbaseBootcamp/Info.plist;
				INFOPLIST_KEY_UIApplicationSceneManifest_Generation = YES;
				INFOPLIST_KEY_UIApplicationSupportsIndirectInputEvents = YES;
				INFOPLIST_KEY_UILaunchScreen_Generation = YES;
				INFOPLIST_KEY_UISupportedInterfaceOrientations_iPad = "UIInterfaceOrientationPortrait UIInterfaceOrientationPortraitUpsideDown UIInterfaceOrientationLandscapeLeft UIInterfaceOrientationLandscapeRight";
				INFOPLIST_KEY_UISupportedInterfaceOrientations_iPhone = "UIInterfaceOrientationPortrait UIInterfaceOrientationLandscapeLeft UIInterfaceOrientationLandscapeRight";
				LD_RUNPATH_SEARCH_PATHS = (
					"$(inherited)",
					"@executable_path/Frameworks",
				);
				MARKETING_VERSION = 1.0;
				PRODUCT_BUNDLE_IDENTIFIER = com.mtscloud.FirbaseBootcamp;
				PRODUCT_NAME = "$(TARGET_NAME)";
				SWIFT_EMIT_LOC_STRINGS = YES;
				SWIFT_VERSION = 5.0;
				TARGETED_DEVICE_FAMILY = "1,2";
			};
			name = Debug;
		};
		0AE810772A0A25B4004E9C8A /* Release */ = {
			isa = XCBuildConfiguration;
			buildSettings = {
				ASSETCATALOG_COMPILER_APPICON_NAME = AppIcon;
				ASSETCATALOG_COMPILER_GLOBAL_ACCENT_COLOR_NAME = AccentColor;
				CODE_SIGN_ENTITLEMENTS = FirbaseBootcamp/FirbaseBootcamp.entitlements;
				CODE_SIGN_STYLE = Automatic;
				CURRENT_PROJECT_VERSION = 1;
				DEVELOPMENT_ASSET_PATHS = "\"FirbaseBootcamp/Preview Content\"";
				DEVELOPMENT_TEAM = 4583567474;
				ENABLE_PREVIEWS = YES;
				GENERATE_INFOPLIST_FILE = YES;
				INFOPLIST_FILE = FirbaseBootcamp/Info.plist;
				INFOPLIST_KEY_UIApplicationSceneManifest_Generation = YES;
				INFOPLIST_KEY_UIApplicationSupportsIndirectInputEvents = YES;
				INFOPLIST_KEY_UILaunchScreen_Generation = YES;
				INFOPLIST_KEY_UISupportedInterfaceOrientations_iPad = "UIInterfaceOrientationPortrait UIInterfaceOrientationPortraitUpsideDown UIInterfaceOrientationLandscapeLeft UIInterfaceOrientationLandscapeRight";
				INFOPLIST_KEY_UISupportedInterfaceOrientations_iPhone = "UIInterfaceOrientationPortrait UIInterfaceOrientationLandscapeLeft UIInterfaceOrientationLandscapeRight";
				LD_RUNPATH_SEARCH_PATHS = (
					"$(inherited)",
					"@executable_path/Frameworks",
				);
				MARKETING_VERSION = 1.0;
				PRODUCT_BUNDLE_IDENTIFIER = com.mtscloud.FirbaseBootcamp;
				PRODUCT_NAME = "$(TARGET_NAME)";
				SWIFT_EMIT_LOC_STRINGS = YES;
				SWIFT_VERSION = 5.0;
				TARGETED_DEVICE_FAMILY = "1,2";
			};
			name = Release;
		};
/* End XCBuildConfiguration section */

/* Begin XCConfigurationList section */
		0AE810622A0A25B3004E9C8A /* Build configuration list for PBXProject "FirbaseBootcamp" */ = {
			isa = XCConfigurationList;
			buildConfigurations = (
				0AE810732A0A25B4004E9C8A /* Debug */,
				0AE810742A0A25B4004E9C8A /* Release */,
			);
			defaultConfigurationIsVisible = 0;
			defaultConfigurationName = Release;
		};
		0AE810752A0A25B4004E9C8A /* Build configuration list for PBXNativeTarget "FirbaseBootcamp" */ = {
			isa = XCConfigurationList;
			buildConfigurations = (
				0AE810762A0A25B4004E9C8A /* Debug */,
				0AE810772A0A25B4004E9C8A /* Release */,
			);
			defaultConfigurationIsVisible = 0;
			defaultConfigurationName = Release;
		};
/* End XCConfigurationList section */

/* Begin XCRemoteSwiftPackageReference section */
		0ADBCDAD2A0CD20600546664 /* XCRemoteSwiftPackageReference "GoogleSignIn-iOS" */ = {
			isa = XCRemoteSwiftPackageReference;
			repositoryURL = "https://github.com/google/GoogleSignIn-iOS";
			requirement = {
				kind = upToNextMajorVersion;
				minimumVersion = 7.0.0;
			};
		};
		0AE8107A2A0A2B2D004E9C8A /* XCRemoteSwiftPackageReference "firebase-ios-sdk" */ = {
			isa = XCRemoteSwiftPackageReference;
			repositoryURL = "https://github.com/firebase/firebase-ios-sdk.git";
			requirement = {
				kind = upToNextMajorVersion;
				minimumVersion = 10.0.0;
			};
		};
/* End XCRemoteSwiftPackageReference section */

/* Begin XCSwiftPackageProductDependency section */
		0A721E5A2A146C57000B1029 /* FirebaseCrashlytics */ = {
			isa = XCSwiftPackageProductDependency;
			package = 0AE8107A2A0A2B2D004E9C8A /* XCRemoteSwiftPackageReference "firebase-ios-sdk" */;
			productName = FirebaseCrashlytics;
		};
		0A721E602A14B3A4000B1029 /* FirebasePerformance */ = {
			isa = XCSwiftPackageProductDependency;
			package = 0AE8107A2A0A2B2D004E9C8A /* XCRemoteSwiftPackageReference "firebase-ios-sdk" */;
			productName = FirebasePerformance;
		};
		0A7AB0B62A0E496A0033BB1F /* FirebaseFirestore */ = {
			isa = XCSwiftPackageProductDependency;
			package = 0AE8107A2A0A2B2D004E9C8A /* XCRemoteSwiftPackageReference "firebase-ios-sdk" */;
			productName = FirebaseFirestore;
		};
		0A7AB0B82A0E496A0033BB1F /* FirebaseFirestoreSwift */ = {
			isa = XCSwiftPackageProductDependency;
			package = 0AE8107A2A0A2B2D004E9C8A /* XCRemoteSwiftPackageReference "firebase-ios-sdk" */;
			productName = FirebaseFirestoreSwift;
		};
		0AB856C42A13785C00C70702 /* FirebaseStorage */ = {
			isa = XCSwiftPackageProductDependency;
			package = 0AE8107A2A0A2B2D004E9C8A /* XCRemoteSwiftPackageReference "firebase-ios-sdk" */;
			productName = FirebaseStorage;
		};
		0ADBCDAE2A0CD20600546664 /* GoogleSignIn */ = {
			isa = XCSwiftPackageProductDependency;
			package = 0ADBCDAD2A0CD20600546664 /* XCRemoteSwiftPackageReference "GoogleSignIn-iOS" */;
			productName = GoogleSignIn;
		};
		0ADBCDB02A0CD20600546664 /* GoogleSignInSwift */ = {
			isa = XCSwiftPackageProductDependency;
			package = 0ADBCDAD2A0CD20600546664 /* XCRemoteSwiftPackageReference "GoogleSignIn-iOS" */;
			productName = GoogleSignInSwift;
		};
		0AE8107B2A0A2B2D004E9C8A /* FirebaseAnalytics */ = {
			isa = XCSwiftPackageProductDependency;
			package = 0AE8107A2A0A2B2D004E9C8A /* XCRemoteSwiftPackageReference "firebase-ios-sdk" */;
			productName = FirebaseAnalytics;
		};
		0AE8107D2A0A2B2D004E9C8A /* FirebaseAnalyticsSwift */ = {
			isa = XCSwiftPackageProductDependency;
			package = 0AE8107A2A0A2B2D004E9C8A /* XCRemoteSwiftPackageReference "firebase-ios-sdk" */;
			productName = FirebaseAnalyticsSwift;
		};
		0AE810802A0A391D004E9C8A /* FirebaseAuth */ = {
			isa = XCSwiftPackageProductDependency;
			package = 0AE8107A2A0A2B2D004E9C8A /* XCRemoteSwiftPackageReference "firebase-ios-sdk" */;
			productName = FirebaseAuth;
		};
/* End XCSwiftPackageProductDependency section */
	};
	rootObject = 0AE8105F2A0A25B3004E9C8A /* Project object */;
}
